// !$*UTF8*$!
{
	archiveVersion = 1;
	classes = {
	};
	objectVersion = 46;
	objects = {

/* Begin PBXBuildFile section */
		E874AD191C7EF5DD00401146 /* main.m in Sources */ = {isa = PBXBuildFile; fileRef = E874AD181C7EF5DD00401146 /* main.m */; };
		E874AD1C1C7EF5DD00401146 /* AppDelegate.m in Sources */ = {isa = PBXBuildFile; fileRef = E874AD1B1C7EF5DD00401146 /* AppDelegate.m */; };
		E874AD1F1C7EF5DD00401146 /* ViewController.m in Sources */ = {isa = PBXBuildFile; fileRef = E874AD1E1C7EF5DD00401146 /* ViewController.m */; };
		E874AD221C7EF5DD00401146 /* Main.storyboard in Resources */ = {isa = PBXBuildFile; fileRef = E874AD201C7EF5DD00401146 /* Main.storyboard */; };
		E874AD241C7EF5DD00401146 /* Assets.xcassets in Resources */ = {isa = PBXBuildFile; fileRef = E874AD231C7EF5DD00401146 /* Assets.xcassets */; };
		E874AD271C7EF5DD00401146 /* LaunchScreen.storyboard in Resources */ = {isa = PBXBuildFile; fileRef = E874AD251C7EF5DD00401146 /* LaunchScreen.storyboard */; };
		E874AD321C7EF5DD00401146 /* DMShortVideoTests.m in Sources */ = {isa = PBXBuildFile; fileRef = E874AD311C7EF5DD00401146 /* DMShortVideoTests.m */; };
		E874AD3D1C7EF5DD00401146 /* DMShortVideoUITests.m in Sources */ = {isa = PBXBuildFile; fileRef = E874AD3C1C7EF5DD00401146 /* DMShortVideoUITests.m */; };
		E874AD4D1C7EF94400401146 /* DMVideoRecorder.m in Sources */ = {isa = PBXBuildFile; fileRef = E874AD4C1C7EF94400401146 /* DMVideoRecorder.m */; };
		E874AD4F1C7EF97100401146 /* AVFoundation.framework in Frameworks */ = {isa = PBXBuildFile; fileRef = E874AD4E1C7EF97100401146 /* AVFoundation.framework */; };
		E898C1831C853EA2003824FA /* SDAVAssetExportSession.m in Sources */ = {isa = PBXBuildFile; fileRef = E898C1821C853EA2003824FA /* SDAVAssetExportSession.m */; };
		E898C1851C854305003824FA /* MediaPlayer.framework in Frameworks */ = {isa = PBXBuildFile; fileRef = E898C1841C854305003824FA /* MediaPlayer.framework */; };
		E898C18B1C854650003824FA /* AllVideoDisplayCollectionFlowLayout.m in Sources */ = {isa = PBXBuildFile; fileRef = E898C18A1C854650003824FA /* AllVideoDisplayCollectionFlowLayout.m */; };
		E898C1911C856CCE003824FA /* icon_sight_close_color@2x.png in Resources */ = {isa = PBXBuildFile; fileRef = E898C18E1C856CCE003824FA /* icon_sight_close_color@2x.png */; };
		E898C1921C856CCE003824FA /* icon_sight_close@2x.png in Resources */ = {isa = PBXBuildFile; fileRef = E898C18F1C856CCE003824FA /* icon_sight_close@2x.png */; };
		E898C1931C856CCE003824FA /* bottomTipsGrayClose@2x.png in Resources */ = {isa = PBXBuildFile; fileRef = E898C1901C856CCE003824FA /* bottomTipsGrayClose@2x.png */; };
		E8DCF12C1C83EA4400B877C8 /* DMRecorderViewController.m in Sources */ = {isa = PBXBuildFile; fileRef = E8DCF12A1C83EA4400B877C8 /* DMRecorderViewController.m */; };
		E8DCF12D1C83EA4400B877C8 /* DMRecorderViewController.xib in Resources */ = {isa = PBXBuildFile; fileRef = E8DCF12B1C83EA4400B877C8 /* DMRecorderViewController.xib */; };
		E8DCF1361C84433800B877C8 /* DMAllVideoDisplayViewController.m in Sources */ = {isa = PBXBuildFile; fileRef = E8DCF1341C84433800B877C8 /* DMAllVideoDisplayViewController.m */; };
		E8DCF1371C84433800B877C8 /* DMAllVideoDisplayViewController.xib in Resources */ = {isa = PBXBuildFile; fileRef = E8DCF1351C84433800B877C8 /* DMAllVideoDisplayViewController.xib */; };
		E8DCF13C1C84453300B877C8 /* DMVideoDisplayCell.m in Sources */ = {isa = PBXBuildFile; fileRef = E8DCF13A1C84453300B877C8 /* DMVideoDisplayCell.m */; };
		E8DCF13D1C84453300B877C8 /* DMVideoDisplayCell.xib in Resources */ = {isa = PBXBuildFile; fileRef = E8DCF13B1C84453300B877C8 /* DMVideoDisplayCell.xib */; };
		E8DCF1411C84454B00B877C8 /* DMVideoAddCell.m in Sources */ = {isa = PBXBuildFile; fileRef = E8DCF13F1C84454B00B877C8 /* DMVideoAddCell.m */; };
		E8DCF1421C84454B00B877C8 /* DMVideoAddCell.xib in Resources */ = {isa = PBXBuildFile; fileRef = E8DCF1401C84454B00B877C8 /* DMVideoAddCell.xib */; };
		E8DCF1471C84483600B877C8 /* AllVideoDataModel.m in Sources */ = {isa = PBXBuildFile; fileRef = E8DCF1461C84483600B877C8 /* AllVideoDataModel.m */; };
/* End PBXBuildFile section */

/* Begin PBXContainerItemProxy section */
		E874AD2E1C7EF5DD00401146 /* PBXContainerItemProxy */ = {
			isa = PBXContainerItemProxy;
			containerPortal = E874AD0C1C7EF5DD00401146 /* Project object */;
			proxyType = 1;
			remoteGlobalIDString = E874AD131C7EF5DD00401146;
			remoteInfo = DMShortVideo;
		};
		E874AD391C7EF5DD00401146 /* PBXContainerItemProxy */ = {
			isa = PBXContainerItemProxy;
			containerPortal = E874AD0C1C7EF5DD00401146 /* Project object */;
			proxyType = 1;
			remoteGlobalIDString = E874AD131C7EF5DD00401146;
			remoteInfo = DMShortVideo;
		};
/* End PBXContainerItemProxy section */

/* Begin PBXFileReference section */
		E874AD141C7EF5DD00401146 /* DMShortVideo.app */ = {isa = PBXFileReference; explicitFileType = wrapper.application; includeInIndex = 0; path = DMShortVideo.app; sourceTree = BUILT_PRODUCTS_DIR; };
		E874AD181C7EF5DD00401146 /* main.m */ = {isa = PBXFileReference; lastKnownFileType = sourcecode.c.objc; path = main.m; sourceTree = "<group>"; };
		E874AD1A1C7EF5DD00401146 /* AppDelegate.h */ = {isa = PBXFileReference; lastKnownFileType = sourcecode.c.h; path = AppDelegate.h; sourceTree = "<group>"; };
		E874AD1B1C7EF5DD00401146 /* AppDelegate.m */ = {isa = PBXFileReference; lastKnownFileType = sourcecode.c.objc; path = AppDelegate.m; sourceTree = "<group>"; };
		E874AD1D1C7EF5DD00401146 /* ViewController.h */ = {isa = PBXFileReference; lastKnownFileType = sourcecode.c.h; path = ViewController.h; sourceTree = "<group>"; };
		E874AD1E1C7EF5DD00401146 /* ViewController.m */ = {isa = PBXFileReference; lastKnownFileType = sourcecode.c.objc; path = ViewController.m; sourceTree = "<group>"; };
		E874AD211C7EF5DD00401146 /* Base */ = {isa = PBXFileReference; lastKnownFileType = file.storyboard; name = Base; path = Base.lproj/Main.storyboard; sourceTree = "<group>"; };
		E874AD231C7EF5DD00401146 /* Assets.xcassets */ = {isa = PBXFileReference; lastKnownFileType = folder.assetcatalog; path = Assets.xcassets; sourceTree = "<group>"; };
		E874AD261C7EF5DD00401146 /* Base */ = {isa = PBXFileReference; lastKnownFileType = file.storyboard; name = Base; path = Base.lproj/LaunchScreen.storyboard; sourceTree = "<group>"; };
		E874AD281C7EF5DD00401146 /* Info.plist */ = {isa = PBXFileReference; lastKnownFileType = text.plist.xml; path = Info.plist; sourceTree = "<group>"; };
		E874AD2D1C7EF5DD00401146 /* DMShortVideoTests.xctest */ = {isa = PBXFileReference; explicitFileType = wrapper.cfbundle; includeInIndex = 0; path = DMShortVideoTests.xctest; sourceTree = BUILT_PRODUCTS_DIR; };
		E874AD311C7EF5DD00401146 /* DMShortVideoTests.m */ = {isa = PBXFileReference; lastKnownFileType = sourcecode.c.objc; path = DMShortVideoTests.m; sourceTree = "<group>"; };
		E874AD331C7EF5DD00401146 /* Info.plist */ = {isa = PBXFileReference; lastKnownFileType = text.plist.xml; path = Info.plist; sourceTree = "<group>"; };
		E874AD381C7EF5DD00401146 /* DMShortVideoUITests.xctest */ = {isa = PBXFileReference; explicitFileType = wrapper.cfbundle; includeInIndex = 0; path = DMShortVideoUITests.xctest; sourceTree = BUILT_PRODUCTS_DIR; };
		E874AD3C1C7EF5DD00401146 /* DMShortVideoUITests.m */ = {isa = PBXFileReference; lastKnownFileType = sourcecode.c.objc; path = DMShortVideoUITests.m; sourceTree = "<group>"; };
		E874AD3E1C7EF5DD00401146 /* Info.plist */ = {isa = PBXFileReference; lastKnownFileType = text.plist.xml; path = Info.plist; sourceTree = "<group>"; };
		E874AD4B1C7EF94400401146 /* DMVideoRecorder.h */ = {isa = PBXFileReference; fileEncoding = 4; lastKnownFileType = sourcecode.c.h; path = DMVideoRecorder.h; sourceTree = "<group>"; };
		E874AD4C1C7EF94400401146 /* DMVideoRecorder.m */ = {isa = PBXFileReference; fileEncoding = 4; lastKnownFileType = sourcecode.c.objc; path = DMVideoRecorder.m; sourceTree = "<group>"; };
		E874AD4E1C7EF97100401146 /* AVFoundation.framework */ = {isa = PBXFileReference; lastKnownFileType = wrapper.framework; name = AVFoundation.framework; path = System/Library/Frameworks/AVFoundation.framework; sourceTree = SDKROOT; };
		E898C1811C853EA2003824FA /* SDAVAssetExportSession.h */ = {isa = PBXFileReference; fileEncoding = 4; lastKnownFileType = sourcecode.c.h; path = SDAVAssetExportSession.h; sourceTree = "<group>"; };
		E898C1821C853EA2003824FA /* SDAVAssetExportSession.m */ = {isa = PBXFileReference; fileEncoding = 4; lastKnownFileType = sourcecode.c.objc; path = SDAVAssetExportSession.m; sourceTree = "<group>"; };
		E898C1841C854305003824FA /* MediaPlayer.framework */ = {isa = PBXFileReference; lastKnownFileType = wrapper.framework; name = MediaPlayer.framework; path = System/Library/Frameworks/MediaPlayer.framework; sourceTree = SDKROOT; };
		E898C1891C854650003824FA /* AllVideoDisplayCollectionFlowLayout.h */ = {isa = PBXFileReference; fileEncoding = 4; lastKnownFileType = sourcecode.c.h; path = AllVideoDisplayCollectionFlowLayout.h; sourceTree = "<group>"; };
		E898C18A1C854650003824FA /* AllVideoDisplayCollectionFlowLayout.m */ = {isa = PBXFileReference; fileEncoding = 4; lastKnownFileType = sourcecode.c.objc; path = AllVideoDisplayCollectionFlowLayout.m; sourceTree = "<group>"; };
		E898C18E1C856CCE003824FA /* icon_sight_close_color@2x.png */ = {isa = PBXFileReference; lastKnownFileType = image.png; path = "icon_sight_close_color@2x.png"; sourceTree = "<group>"; };
		E898C18F1C856CCE003824FA /* icon_sight_close@2x.png */ = {isa = PBXFileReference; lastKnownFileType = image.png; path = "icon_sight_close@2x.png"; sourceTree = "<group>"; };
		E898C1901C856CCE003824FA /* bottomTipsGrayClose@2x.png */ = {isa = PBXFileReference; lastKnownFileType = image.png; path = "bottomTipsGrayClose@2x.png"; sourceTree = "<group>"; };
		E8DCF1291C83EA4400B877C8 /* DMRecorderViewController.h */ = {isa = PBXFileReference; fileEncoding = 4; lastKnownFileType = sourcecode.c.h; path = DMRecorderViewController.h; sourceTree = "<group>"; };
		E8DCF12A1C83EA4400B877C8 /* DMRecorderViewController.m */ = {isa = PBXFileReference; fileEncoding = 4; lastKnownFileType = sourcecode.c.objc; path = DMRecorderViewController.m; sourceTree = "<group>"; };
		E8DCF12B1C83EA4400B877C8 /* DMRecorderViewController.xib */ = {isa = PBXFileReference; fileEncoding = 4; lastKnownFileType = file.xib; path = DMRecorderViewController.xib; sourceTree = "<group>"; };
		E8DCF12E1C83EB2100B877C8 /* DMVideoRecorderManager.h */ = {isa = PBXFileReference; fileEncoding = 4; lastKnownFileType = sourcecode.c.h; path = DMVideoRecorderManager.h; sourceTree = "<group>"; };
		E8DCF1331C84433800B877C8 /* DMAllVideoDisplayViewController.h */ = {isa = PBXFileReference; fileEncoding = 4; lastKnownFileType = sourcecode.c.h; path = DMAllVideoDisplayViewController.h; sourceTree = "<group>"; };
		E8DCF1341C84433800B877C8 /* DMAllVideoDisplayViewController.m */ = {isa = PBXFileReference; fileEncoding = 4; lastKnownFileType = sourcecode.c.objc; path = DMAllVideoDisplayViewController.m; sourceTree = "<group>"; };
		E8DCF1351C84433800B877C8 /* DMAllVideoDisplayViewController.xib */ = {isa = PBXFileReference; fileEncoding = 4; lastKnownFileType = file.xib; path = DMAllVideoDisplayViewController.xib; sourceTree = "<group>"; };
		E8DCF1391C84453300B877C8 /* DMVideoDisplayCell.h */ = {isa = PBXFileReference; fileEncoding = 4; lastKnownFileType = sourcecode.c.h; path = DMVideoDisplayCell.h; sourceTree = "<group>"; };
		E8DCF13A1C84453300B877C8 /* DMVideoDisplayCell.m */ = {isa = PBXFileReference; fileEncoding = 4; lastKnownFileType = sourcecode.c.objc; path = DMVideoDisplayCell.m; sourceTree = "<group>"; };
		E8DCF13B1C84453300B877C8 /* DMVideoDisplayCell.xib */ = {isa = PBXFileReference; fileEncoding = 4; lastKnownFileType = file.xib; path = DMVideoDisplayCell.xib; sourceTree = "<group>"; };
		E8DCF13E1C84454B00B877C8 /* DMVideoAddCell.h */ = {isa = PBXFileReference; fileEncoding = 4; lastKnownFileType = sourcecode.c.h; path = DMVideoAddCell.h; sourceTree = "<group>"; };
		E8DCF13F1C84454B00B877C8 /* DMVideoAddCell.m */ = {isa = PBXFileReference; fileEncoding = 4; lastKnownFileType = sourcecode.c.objc; path = DMVideoAddCell.m; sourceTree = "<group>"; };
		E8DCF1401C84454B00B877C8 /* DMVideoAddCell.xib */ = {isa = PBXFileReference; fileEncoding = 4; lastKnownFileType = file.xib; path = DMVideoAddCell.xib; sourceTree = "<group>"; };
		E8DCF1451C84483600B877C8 /* AllVideoDataModel.h */ = {isa = PBXFileReference; fileEncoding = 4; lastKnownFileType = sourcecode.c.h; path = AllVideoDataModel.h; sourceTree = "<group>"; };
		E8DCF1461C84483600B877C8 /* AllVideoDataModel.m */ = {isa = PBXFileReference; fileEncoding = 4; lastKnownFileType = sourcecode.c.objc; path = AllVideoDataModel.m; sourceTree = "<group>"; };
/* End PBXFileReference section */

/* Begin PBXFrameworksBuildPhase section */
		E874AD111C7EF5DD00401146 /* Frameworks */ = {
			isa = PBXFrameworksBuildPhase;
			buildActionMask = 2147483647;
			files = (
				E898C1851C854305003824FA /* MediaPlayer.framework in Frameworks */,
				E874AD4F1C7EF97100401146 /* AVFoundation.framework in Frameworks */,
			);
			runOnlyForDeploymentPostprocessing = 0;
		};
		E874AD2A1C7EF5DD00401146 /* Frameworks */ = {
			isa = PBXFrameworksBuildPhase;
			buildActionMask = 2147483647;
			files = (
			);
			runOnlyForDeploymentPostprocessing = 0;
		};
		E874AD351C7EF5DD00401146 /* Frameworks */ = {
			isa = PBXFrameworksBuildPhase;
			buildActionMask = 2147483647;
			files = (
			);
			runOnlyForDeploymentPostprocessing = 0;
		};
/* End PBXFrameworksBuildPhase section */

/* Begin PBXGroup section */
		E874AD0B1C7EF5DD00401146 = {
			isa = PBXGroup;
			children = (
				E898C1841C854305003824FA /* MediaPlayer.framework */,
				E874AD4E1C7EF97100401146 /* AVFoundation.framework */,
				E874AD161C7EF5DD00401146 /* DMShortVideo */,
				E874AD301C7EF5DD00401146 /* DMShortVideoTests */,
				E874AD3B1C7EF5DD00401146 /* DMShortVideoUITests */,
				E874AD151C7EF5DD00401146 /* Products */,
			);
			sourceTree = "<group>";
		};
		E874AD151C7EF5DD00401146 /* Products */ = {
			isa = PBXGroup;
			children = (
				E874AD141C7EF5DD00401146 /* DMShortVideo.app */,
				E874AD2D1C7EF5DD00401146 /* DMShortVideoTests.xctest */,
				E874AD381C7EF5DD00401146 /* DMShortVideoUITests.xctest */,
			);
			name = Products;
			sourceTree = "<group>";
		};
		E874AD161C7EF5DD00401146 /* DMShortVideo */ = {
			isa = PBXGroup;
			children = (
				E874AD4A1C7EF93100401146 /* DMVideoRecorder */,
				E874AD1A1C7EF5DD00401146 /* AppDelegate.h */,
				E874AD1B1C7EF5DD00401146 /* AppDelegate.m */,
				E874AD1D1C7EF5DD00401146 /* ViewController.h */,
				E874AD1E1C7EF5DD00401146 /* ViewController.m */,
				E874AD201C7EF5DD00401146 /* Main.storyboard */,
				E874AD231C7EF5DD00401146 /* Assets.xcassets */,
				E874AD251C7EF5DD00401146 /* LaunchScreen.storyboard */,
				E874AD281C7EF5DD00401146 /* Info.plist */,
				E874AD171C7EF5DD00401146 /* Supporting Files */,
			);
			path = DMShortVideo;
			sourceTree = "<group>";
		};
		E874AD171C7EF5DD00401146 /* Supporting Files */ = {
			isa = PBXGroup;
			children = (
				E874AD181C7EF5DD00401146 /* main.m */,
			);
			name = "Supporting Files";
			sourceTree = "<group>";
		};
		E874AD301C7EF5DD00401146 /* DMShortVideoTests */ = {
			isa = PBXGroup;
			children = (
				E874AD311C7EF5DD00401146 /* DMShortVideoTests.m */,
				E874AD331C7EF5DD00401146 /* Info.plist */,
			);
			path = DMShortVideoTests;
			sourceTree = "<group>";
		};
		E874AD3B1C7EF5DD00401146 /* DMShortVideoUITests */ = {
			isa = PBXGroup;
			children = (
				E874AD3C1C7EF5DD00401146 /* DMShortVideoUITests.m */,
				E874AD3E1C7EF5DD00401146 /* Info.plist */,
			);
			path = DMShortVideoUITests;
			sourceTree = "<group>";
		};
		E874AD4A1C7EF93100401146 /* DMVideoRecorder */ = {
			isa = PBXGroup;
			children = (
				E898C18D1C856CBE003824FA /* DMImages */,
				E898C1801C853EA2003824FA /* SDAVAssetExportSession */,
				E8DCF12F1C8442D100B877C8 /* DMAllVideoDisplay */,
				E8DCF1271C83EA1C00B877C8 /* DMPlayViewController */,
				E8DCF1281C83EA1C00B877C8 /* DMRecorderViewController */,
				E874AD4B1C7EF94400401146 /* DMVideoRecorder.h */,
				E874AD4C1C7EF94400401146 /* DMVideoRecorder.m */,
				E8DCF12E1C83EB2100B877C8 /* DMVideoRecorderManager.h */,
			);
			path = DMVideoRecorder;
			sourceTree = "<group>";
		};
		E898C1801C853EA2003824FA /* SDAVAssetExportSession */ = {
			isa = PBXGroup;
			children = (
				E898C1811C853EA2003824FA /* SDAVAssetExportSession.h */,
				E898C1821C853EA2003824FA /* SDAVAssetExportSession.m */,
			);
			path = SDAVAssetExportSession;
			sourceTree = "<group>";
		};
		E898C18D1C856CBE003824FA /* DMImages */ = {
			isa = PBXGroup;
			children = (
				E898C18E1C856CCE003824FA /* icon_sight_close_color@2x.png */,
				E898C18F1C856CCE003824FA /* icon_sight_close@2x.png */,
				E898C1901C856CCE003824FA /* bottomTipsGrayClose@2x.png */,
			);
			path = DMImages;
			sourceTree = "<group>";
		};
		E8DCF1271C83EA1C00B877C8 /* DMPlayViewController */ = {
			isa = PBXGroup;
			children = (
			);
			path = DMPlayViewController;
			sourceTree = "<group>";
		};
		E8DCF1281C83EA1C00B877C8 /* DMRecorderViewController */ = {
			isa = PBXGroup;
			children = (
				E8DCF1291C83EA4400B877C8 /* DMRecorderViewController.h */,
				E8DCF12A1C83EA4400B877C8 /* DMRecorderViewController.m */,
				E8DCF12B1C83EA4400B877C8 /* DMRecorderViewController.xib */,
			);
			path = DMRecorderViewController;
			sourceTree = "<group>";
		};
		E8DCF12F1C8442D100B877C8 /* DMAllVideoDisplay */ = {
			isa = PBXGroup;
			children = (
				E8DCF1441C84481400B877C8 /* Model */,
				E8DCF1381C84450700B877C8 /* View */,
				E8DCF1331C84433800B877C8 /* DMAllVideoDisplayViewController.h */,
				E8DCF1341C84433800B877C8 /* DMAllVideoDisplayViewController.m */,
				E8DCF1351C84433800B877C8 /* DMAllVideoDisplayViewController.xib */,
			);
			path = DMAllVideoDisplay;
			sourceTree = "<group>";
		};
		E8DCF1381C84450700B877C8 /* View */ = {
			isa = PBXGroup;
			children = (
				E898C1891C854650003824FA /* AllVideoDisplayCollectionFlowLayout.h */,
				E898C18A1C854650003824FA /* AllVideoDisplayCollectionFlowLayout.m */,
				E8DCF1391C84453300B877C8 /* DMVideoDisplayCell.h */,
				E8DCF13A1C84453300B877C8 /* DMVideoDisplayCell.m */,
				E8DCF13B1C84453300B877C8 /* DMVideoDisplayCell.xib */,
				E8DCF13E1C84454B00B877C8 /* DMVideoAddCell.h */,
				E8DCF13F1C84454B00B877C8 /* DMVideoAddCell.m */,
				E8DCF1401C84454B00B877C8 /* DMVideoAddCell.xib */,
			);
			path = View;
			sourceTree = "<group>";
		};
		E8DCF1441C84481400B877C8 /* Model */ = {
			isa = PBXGroup;
			children = (
				E8DCF1451C84483600B877C8 /* AllVideoDataModel.h */,
				E8DCF1461C84483600B877C8 /* AllVideoDataModel.m */,
			);
			path = Model;
			sourceTree = "<group>";
		};
/* End PBXGroup section */

/* Begin PBXNativeTarget section */
		E874AD131C7EF5DD00401146 /* DMShortVideo */ = {
			isa = PBXNativeTarget;
			buildConfigurationList = E874AD411C7EF5DD00401146 /* Build configuration list for PBXNativeTarget "DMShortVideo" */;
			buildPhases = (
				E874AD101C7EF5DD00401146 /* Sources */,
				E874AD111C7EF5DD00401146 /* Frameworks */,
				E874AD121C7EF5DD00401146 /* Resources */,
			);
			buildRules = (
			);
			dependencies = (
			);
			name = DMShortVideo;
			productName = DMShortVideo;
			productReference = E874AD141C7EF5DD00401146 /* DMShortVideo.app */;
			productType = "com.apple.product-type.application";
		};
		E874AD2C1C7EF5DD00401146 /* DMShortVideoTests */ = {
			isa = PBXNativeTarget;
			buildConfigurationList = E874AD441C7EF5DD00401146 /* Build configuration list for PBXNativeTarget "DMShortVideoTests" */;
			buildPhases = (
				E874AD291C7EF5DD00401146 /* Sources */,
				E874AD2A1C7EF5DD00401146 /* Frameworks */,
				E874AD2B1C7EF5DD00401146 /* Resources */,
			);
			buildRules = (
			);
			dependencies = (
				E874AD2F1C7EF5DD00401146 /* PBXTargetDependency */,
			);
			name = DMShortVideoTests;
			productName = DMShortVideoTests;
			productReference = E874AD2D1C7EF5DD00401146 /* DMShortVideoTests.xctest */;
			productType = "com.apple.product-type.bundle.unit-test";
		};
		E874AD371C7EF5DD00401146 /* DMShortVideoUITests */ = {
			isa = PBXNativeTarget;
			buildConfigurationList = E874AD471C7EF5DD00401146 /* Build configuration list for PBXNativeTarget "DMShortVideoUITests" */;
			buildPhases = (
				E874AD341C7EF5DD00401146 /* Sources */,
				E874AD351C7EF5DD00401146 /* Frameworks */,
				E874AD361C7EF5DD00401146 /* Resources */,
			);
			buildRules = (
			);
			dependencies = (
				E874AD3A1C7EF5DD00401146 /* PBXTargetDependency */,
			);
			name = DMShortVideoUITests;
			productName = DMShortVideoUITests;
			productReference = E874AD381C7EF5DD00401146 /* DMShortVideoUITests.xctest */;
			productType = "com.apple.product-type.bundle.ui-testing";
		};
/* End PBXNativeTarget section */

/* Begin PBXProject section */
		E874AD0C1C7EF5DD00401146 /* Project object */ = {
			isa = PBXProject;
			attributes = {
				LastUpgradeCheck = 0720;
				ORGANIZATIONNAME = idemonolater;
				TargetAttributes = {
					E874AD131C7EF5DD00401146 = {
						CreatedOnToolsVersion = 7.2;
					};
					E874AD2C1C7EF5DD00401146 = {
						CreatedOnToolsVersion = 7.2;
						TestTargetID = E874AD131C7EF5DD00401146;
					};
					E874AD371C7EF5DD00401146 = {
						CreatedOnToolsVersion = 7.2;
						TestTargetID = E874AD131C7EF5DD00401146;
					};
				};
			};
			buildConfigurationList = E874AD0F1C7EF5DD00401146 /* Build configuration list for PBXProject "DMShortVideo" */;
			compatibilityVersion = "Xcode 3.2";
			developmentRegion = English;
			hasScannedForEncodings = 0;
			knownRegions = (
				en,
				Base,
			);
			mainGroup = E874AD0B1C7EF5DD00401146;
			productRefGroup = E874AD151C7EF5DD00401146 /* Products */;
			projectDirPath = "";
			projectRoot = "";
			targets = (
				E874AD131C7EF5DD00401146 /* DMShortVideo */,
				E874AD2C1C7EF5DD00401146 /* DMShortVideoTests */,
				E874AD371C7EF5DD00401146 /* DMShortVideoUITests */,
			);
		};
/* End PBXProject section */

/* Begin PBXResourcesBuildPhase section */
		E874AD121C7EF5DD00401146 /* Resources */ = {
			isa = PBXResourcesBuildPhase;
			buildActionMask = 2147483647;
			files = (
				E874AD271C7EF5DD00401146 /* LaunchScreen.storyboard in Resources */,
				E898C1931C856CCE003824FA /* bottomTipsGrayClose@2x.png in Resources */,
				E8DCF1371C84433800B877C8 /* DMAllVideoDisplayViewController.xib in Resources */,
				E874AD241C7EF5DD00401146 /* Assets.xcassets in Resources */,
				E8DCF13D1C84453300B877C8 /* DMVideoDisplayCell.xib in Resources */,
				E898C1911C856CCE003824FA /* icon_sight_close_color@2x.png in Resources */,
				E8DCF1421C84454B00B877C8 /* DMVideoAddCell.xib in Resources */,
				E874AD221C7EF5DD00401146 /* Main.storyboard in Resources */,
				E8DCF12D1C83EA4400B877C8 /* DMRecorderViewController.xib in Resources */,
				E898C1921C856CCE003824FA /* icon_sight_close@2x.png in Resources */,
			);
			runOnlyForDeploymentPostprocessing = 0;
		};
		E874AD2B1C7EF5DD00401146 /* Resources */ = {
			isa = PBXResourcesBuildPhase;
			buildActionMask = 2147483647;
			files = (
			);
			runOnlyForDeploymentPostprocessing = 0;
		};
		E874AD361C7EF5DD00401146 /* Resources */ = {
			isa = PBXResourcesBuildPhase;
			buildActionMask = 2147483647;
			files = (
			);
			runOnlyForDeploymentPostprocessing = 0;
		};
/* End PBXResourcesBuildPhase section */

/* Begin PBXSourcesBuildPhase section */
		E874AD101C7EF5DD00401146 /* Sources */ = {
			isa = PBXSourcesBuildPhase;
			buildActionMask = 2147483647;
			files = (
				E8DCF1361C84433800B877C8 /* DMAllVideoDisplayViewController.m in Sources */,
				E874AD1F1C7EF5DD00401146 /* ViewController.m in Sources */,
				E874AD1C1C7EF5DD00401146 /* AppDelegate.m in Sources */,
				E874AD4D1C7EF94400401146 /* DMVideoRecorder.m in Sources */,
				E8DCF1411C84454B00B877C8 /* DMVideoAddCell.m in Sources */,
				E898C1831C853EA2003824FA /* SDAVAssetExportSession.m in Sources */,
				E874AD191C7EF5DD00401146 /* main.m in Sources */,
				E8DCF13C1C84453300B877C8 /* DMVideoDisplayCell.m in Sources */,
				E898C18B1C854650003824FA /* AllVideoDisplayCollectionFlowLayout.m in Sources */,
				E8DCF12C1C83EA4400B877C8 /* DMRecorderViewController.m in Sources */,
				E8DCF1471C84483600B877C8 /* AllVideoDataModel.m in Sources */,
			);
			runOnlyForDeploymentPostprocessing = 0;
		};
		E874AD291C7EF5DD00401146 /* Sources */ = {
			isa = PBXSourcesBuildPhase;
			buildActionMask = 2147483647;
			files = (
				E874AD321C7EF5DD00401146 /* DMShortVideoTests.m in Sources */,
			);
			runOnlyForDeploymentPostprocessing = 0;
		};
		E874AD341C7EF5DD00401146 /* Sources */ = {
			isa = PBXSourcesBuildPhase;
			buildActionMask = 2147483647;
			files = (
				E874AD3D1C7EF5DD00401146 /* DMShortVideoUITests.m in Sources */,
			);
			runOnlyForDeploymentPostprocessing = 0;
		};
/* End PBXSourcesBuildPhase section */

/* Begin PBXTargetDependency section */
		E874AD2F1C7EF5DD00401146 /* PBXTargetDependency */ = {
			isa = PBXTargetDependency;
			target = E874AD131C7EF5DD00401146 /* DMShortVideo */;
			targetProxy = E874AD2E1C7EF5DD00401146 /* PBXContainerItemProxy */;
		};
		E874AD3A1C7EF5DD00401146 /* PBXTargetDependency */ = {
			isa = PBXTargetDependency;
			target = E874AD131C7EF5DD00401146 /* DMShortVideo */;
			targetProxy = E874AD391C7EF5DD00401146 /* PBXContainerItemProxy */;
		};
/* End PBXTargetDependency section */

/* Begin PBXVariantGroup section */
		E874AD201C7EF5DD00401146 /* Main.storyboard */ = {
			isa = PBXVariantGroup;
			children = (
				E874AD211C7EF5DD00401146 /* Base */,
			);
			name = Main.storyboard;
			sourceTree = "<group>";
		};
		E874AD251C7EF5DD00401146 /* LaunchScreen.storyboard */ = {
			isa = PBXVariantGroup;
			children = (
				E874AD261C7EF5DD00401146 /* Base */,
			);
			name = LaunchScreen.storyboard;
			sourceTree = "<group>";
		};
/* End PBXVariantGroup section */

/* Begin XCBuildConfiguration section */
		E874AD3F1C7EF5DD00401146 /* Debug */ = {
			isa = XCBuildConfiguration;
			buildSettings = {
				ALWAYS_SEARCH_USER_PATHS = NO;
				CLANG_CXX_LANGUAGE_STANDARD = "gnu++0x";
				CLANG_CXX_LIBRARY = "libc++";
				CLANG_ENABLE_MODULES = YES;
				CLANG_ENABLE_OBJC_ARC = YES;
				CLANG_WARN_BOOL_CONVERSION = YES;
				CLANG_WARN_CONSTANT_CONVERSION = YES;
				CLANG_WARN_DIRECT_OBJC_ISA_USAGE = YES_ERROR;
				CLANG_WARN_EMPTY_BODY = YES;
				CLANG_WARN_ENUM_CONVERSION = YES;
				CLANG_WARN_INT_CONVERSION = YES;
				CLANG_WARN_OBJC_ROOT_CLASS = YES_ERROR;
				CLANG_WARN_UNREACHABLE_CODE = YES;
				CLANG_WARN__DUPLICATE_METHOD_MATCH = YES;
				"CODE_SIGN_IDENTITY[sdk=iphoneos*]" = "iPhone Developer";
				COPY_PHASE_STRIP = NO;
				DEBUG_INFORMATION_FORMAT = dwarf;
				ENABLE_STRICT_OBJC_MSGSEND = YES;
				ENABLE_TESTABILITY = YES;
				GCC_C_LANGUAGE_STANDARD = gnu99;
				GCC_DYNAMIC_NO_PIC = NO;
				GCC_NO_COMMON_BLOCKS = YES;
				GCC_OPTIMIZATION_LEVEL = 0;
				GCC_PREPROCESSOR_DEFINITIONS = (
					"DEBUG=1",
					"$(inherited)",
				);
				GCC_WARN_64_TO_32_BIT_CONVERSION = YES;
				GCC_WARN_ABOUT_RETURN_TYPE = YES_ERROR;
				GCC_WARN_UNDECLARED_SELECTOR = YES;
				GCC_WARN_UNINITIALIZED_AUTOS = YES_AGGRESSIVE;
				GCC_WARN_UNUSED_FUNCTION = YES;
				GCC_WARN_UNUSED_VARIABLE = YES;
				IPHONEOS_DEPLOYMENT_TARGET = 9.2;
				MTL_ENABLE_DEBUG_INFO = YES;
				ONLY_ACTIVE_ARCH = YES;
				SDKROOT = iphoneos;
				TARGETED_DEVICE_FAMILY = "1,2";
			};
			name = Debug;
		};
		E874AD401C7EF5DD00401146 /* Release */ = {
			isa = XCBuildConfiguration;
			buildSettings = {
				ALWAYS_SEARCH_USER_PATHS = NO;
				CLANG_CXX_LANGUAGE_STANDARD = "gnu++0x";
				CLANG_CXX_LIBRARY = "libc++";
				CLANG_ENABLE_MODULES = YES;
				CLANG_ENABLE_OBJC_ARC = YES;
				CLANG_WARN_BOOL_CONVERSION = YES;
				CLANG_WARN_CONSTANT_CONVERSION = YES;
				CLANG_WARN_DIRECT_OBJC_ISA_USAGE = YES_ERROR;
				CLANG_WARN_EMPTY_BODY = YES;
				CLANG_WARN_ENUM_CONVERSION = YES;
				CLANG_WARN_INT_CONVERSION = YES;
				CLANG_WARN_OBJC_ROOT_CLASS = YES_ERROR;
				CLANG_WARN_UNREACHABLE_CODE = YES;
				CLANG_WARN__DUPLICATE_METHOD_MATCH = YES;
				"CODE_SIGN_IDENTITY[sdk=iphoneos*]" = "iPhone Developer";
				COPY_PHASE_STRIP = NO;
				DEBUG_INFORMATION_FORMAT = "dwarf-with-dsym";
				ENABLE_NS_ASSERTIONS = NO;
				ENABLE_STRICT_OBJC_MSGSEND = YES;
				GCC_C_LANGUAGE_STANDARD = gnu99;
				GCC_NO_COMMON_BLOCKS = YES;
				GCC_WARN_64_TO_32_BIT_CONVERSION = YES;
				GCC_WARN_ABOUT_RETURN_TYPE = YES_ERROR;
				GCC_WARN_UNDECLARED_SELECTOR = YES;
				GCC_WARN_UNINITIALIZED_AUTOS = YES_AGGRESSIVE;
				GCC_WARN_UNUSED_FUNCTION = YES;
				GCC_WARN_UNUSED_VARIABLE = YES;
				IPHONEOS_DEPLOYMENT_TARGET = 9.2;
				MTL_ENABLE_DEBUG_INFO = NO;
				SDKROOT = iphoneos;
				TARGETED_DEVICE_FAMILY = "1,2";
				VALIDATE_PRODUCT = YES;
			};
			name = Release;
		};
		E874AD421C7EF5DD00401146 /* Debug */ = {
			isa = XCBuildConfiguration;
			buildSettings = {
				ASSETCATALOG_COMPILER_APPICON_NAME = AppIcon;
				INFOPLIST_FILE = DMShortVideo/Info.plist;
				IPHONEOS_DEPLOYMENT_TARGET = 7.0;
				LD_RUNPATH_SEARCH_PATHS = "$(inherited) @executable_path/Frameworks";
				PRODUCT_BUNDLE_IDENTIFIER = com.idemonolater.DMShortVideo;
				PRODUCT_NAME = "$(TARGET_NAME)";
			};
			name = Debug;
		};
		E874AD431C7EF5DD00401146 /* Release */ = {
			isa = XCBuildConfiguration;
			buildSettings = {
				ASSETCATALOG_COMPILER_APPICON_NAME = AppIcon;
				INFOPLIST_FILE = DMShortVideo/Info.plist;
				IPHONEOS_DEPLOYMENT_TARGET = 7.0;
				LD_RUNPATH_SEARCH_PATHS = "$(inherited) @executable_path/Frameworks";
				PRODUCT_BUNDLE_IDENTIFIER = com.idemonolater.DMShortVideo;
				PRODUCT_NAME = "$(TARGET_NAME)";
			};
			name = Release;
		};
		E874AD451C7EF5DD00401146 /* Debug */ = {
			isa = XCBuildConfiguration;
			buildSettings = {
				BUNDLE_LOADER = "$(TEST_HOST)";
				INFOPLIST_FILE = DMShortVideoTests/Info.plist;
				LD_RUNPATH_SEARCH_PATHS = "$(inherited) @executable_path/Frameworks @loader_path/Frameworks";
				PRODUCT_BUNDLE_IDENTIFIER = com.idemonolater.DMShortVideoTests;
				PRODUCT_NAME = "$(TARGET_NAME)";
				TEST_HOST = "$(BUILT_PRODUCTS_DIR)/DMShortVideo.app/DMShortVideo";
			};
			name = Debug;
		};
		E874AD461C7EF5DD00401146 /* Release */ = {
			isa = XCBuildConfiguration;
			buildSettings = {
				BUNDLE_LOADER = "$(TEST_HOST)";
				INFOPLIST_FILE = DMShortVideoTests/Info.plist;
				LD_RUNPATH_SEARCH_PATHS = "$(inherited) @executable_path/Frameworks @loader_path/Frameworks";
				PRODUCT_BUNDLE_IDENTIFIER = com.idemonolater.DMShortVideoTests;
				PRODUCT_NAME = "$(TARGET_NAME)";
				TEST_HOST = "$(BUILT_PRODUCTS_DIR)/DMShortVideo.app/DMShortVideo";
			};
			name = Release;
		};
		E874AD481C7EF5DD00401146 /* Debug */ = {
			isa = XCBuildConfiguration;
			buildSettings = {
				INFOPLIST_FILE = DMShortVideoUITests/Info.plist;
				LD_RUNPATH_SEARCH_PATHS = "$(inherited) @executable_path/Frameworks @loader_path/Frameworks";
				PRODUCT_BUNDLE_IDENTIFIER = com.idemonolater.DMShortVideoUITests;
				PRODUCT_NAME = "$(TARGET_NAME)";
				TEST_TARGET_NAME = DMShortVideo;
				USES_XCTRUNNER = YES;
			};
			name = Debug;
		};
		E874AD491C7EF5DD00401146 /* Release */ = {
			isa = XCBuildConfiguration;
			buildSettings = {
				INFOPLIST_FILE = DMShortVideoUITests/Info.plist;
				LD_RUNPATH_SEARCH_PATHS = "$(inherited) @executable_path/Frameworks @loader_path/Frameworks";
				PRODUCT_BUNDLE_IDENTIFIER = com.idemonolater.DMShortVideoUITests;
				PRODUCT_NAME = "$(TARGET_NAME)";
				TEST_TARGET_NAME = DMShortVideo;
				USES_XCTRUNNER = YES;
			};
			name = Release;
		};
/* End XCBuildConfiguration section */

/* Begin XCConfigurationList section */
		E874AD0F1C7EF5DD00401146 /* Build configuration list for PBXProject "DMShortVideo" */ = {
			isa = XCConfigurationList;
			buildConfigurations = (
				E874AD3F1C7EF5DD00401146 /* Debug */,
				E874AD401C7EF5DD00401146 /* Release */,
			);
			defaultConfigurationIsVisible = 0;
			defaultConfigurationName = Release;
		};
		E874AD411C7EF5DD00401146 /* Build configuration list for PBXNativeTarget "DMShortVideo" */ = {
			isa = XCConfigurationList;
			buildConfigurations = (
				E874AD421C7EF5DD00401146 /* Debug */,
				E874AD431C7EF5DD00401146 /* Release */,
			);
			defaultConfigurationIsVisible = 0;
			defaultConfigurationName = Release;
		};
		E874AD441C7EF5DD00401146 /* Build configuration list for PBXNativeTarget "DMShortVideoTests" */ = {
			isa = XCConfigurationList;
			buildConfigurations = (
				E874AD451C7EF5DD00401146 /* Debug */,
				E874AD461C7EF5DD00401146 /* Release */,
			);
			defaultConfigurationIsVisible = 0;
			defaultConfigurationName = Release;
		};
		E874AD471C7EF5DD00401146 /* Build configuration list for PBXNativeTarget "DMShortVideoUITests" */ = {
			isa = XCConfigurationList;
			buildConfigurations = (
				E874AD481C7EF5DD00401146 /* Debug */,
				E874AD491C7EF5DD00401146 /* Release */,
			);
			defaultConfigurationIsVisible = 0;
			defaultConfigurationName = Release;
		};
/* End XCConfigurationList section */
	};
	rootObject = E874AD0C1C7EF5DD00401146 /* Project object */;
}
